
Microsoft Visual Studio Solution File, Format Version 12.00
# Visual Studio 2015
Project("{FAE04EC0-301F-11D3-BF4B-00C04F79EFBC}") = "AttDecoratorExample", "AttDecoratorExample.csproj", "{ABE84C4A-6014-E237-9155-6B179DBD66B3}"
EndProject
Project("{FAE04EC0-301F-11D3-BF4B-00C04F79EFBC}") = "AttDecoratorExample.Editor", "AttDecoratorExample.Editor.csproj", "{CABCB17C-3C2C-B734-C5F3-87E7BA226F55}"
EndProject
Global
	GlobalSection(SolutionConfigurationPlatforms) = preSolution
		Debug|Any CPU = Debug|Any CPU
		Release|Any CPU = Release|Any CPU
	EndGlobalSection
	GlobalSection(ProjectConfigurationPlatforms) = postSolution
		{ABE84C4A-6014-E237-9155-6B179DBD66B3}.Debug|Any CPU.ActiveCfg = Debug|Any CPU
		{ABE84C4A-6014-E237-9155-6B179DBD66B3}.Debug|Any CPU.Build.0 = Debug|Any CPU
		{ABE84C4A-6014-E237-9155-6B179DBD66B3}.Release|Any CPU.ActiveCfg = Release|Any CPU
		{ABE84C4A-6014-E237-9155-6B179DBD66B3}.Release|Any CPU.Build.0 = Release|Any CPU
		{CABCB17C-3C2C-B734-C5F3-87E7BA226F55}.Debug|Any CPU.ActiveCfg = Debug|Any CPU
		{CABCB17C-3C2C-B734-C5F3-87E7BA226F55}.Debug|Any CPU.Build.0 = Debug|Any CPU
		{CABCB17C-3C2C-B734-C5F3-87E7BA226F55}.Release|Any CPU.ActiveCfg = Release|Any CPU
		{CABCB17C-3C2C-B734-C5F3-87E7BA226F55}.Release|Any CPU.Build.0 = Release|Any CPU
	EndGlobalSection
	GlobalSection(SolutionProperties) = preSolution
		HideSolutionNode = FALSE
	EndGlobalSection
EndGlobal
